PODS:
  - UberCore (0.13.0)
  - UberRides (0.13.0):
    - UberCore

DEPENDENCIES:
  - UberCore (from `../../`)
  - UberRides (from `../../`)

EXTERNAL SOURCES:
  UberCore:
    :path: "../../"
  UberRides:
    :path: "../../"

SPEC CHECKSUMS:
  UberCore: 3f256d3246ecd6fc078233e1690fcc8c2a76eeb2
  UberRides: 8d2e8ccfef8a3e79ea7a37ad47a0edc8b542e001

PODFILE CHECKSUM: 1d713d30b94c4238ccc4571330ddf2a95fe4daf5

COCOAPODS: 1.9.3
